
Microsoft Visual Studio Solution File, Format Version 12.00
# Visual Studio 15
VisualStudioVersion = 15.0.27130.2036
MinimumVisualStudioVersion = 10.0.40219.1
Project("{FAE04EC0-301F-11D3-BF4B-00C04F79EFBC}") = "RouletteGame.Unit.Test", "RouletteGame.Unit.Test\RouletteGame.Unit.Test.csproj", "{3DEC91C5-6CF8-4A04-AE0A-291FA6A497A6}"
EndProject
Project("{FAE04EC0-301F-11D3-BF4B-00C04F79EFBC}") = "RouletteGame.Legacy.Console", "RouletteGame.Legacy.Console\RouletteGame.Legacy.Console.csproj", "{0BFD1ECB-73B3-4F1C-B503-1F9FB5A0BE28}"
EndProject
Project("{FAE04EC0-301F-11D3-BF4B-00C04F79EFBC}") = "RouletteGame.Library", "RouletteGame.Library\RouletteGame.Library.csproj", "{80A2B75F-7408-420A-B3C8-B90C93D9C064}"
EndProject
Global
	GlobalSection(SolutionConfigurationPlatforms) = preSolution
		Debug|Any CPU = Debug|Any CPU
		Release|Any CPU = Release|Any CPU
	EndGlobalSection
	GlobalSection(ProjectConfigurationPlatforms) = postSolution
		{3DEC91C5-6CF8-4A04-AE0A-291FA6A497A6}.Debug|Any CPU.ActiveCfg = Debug|Any CPU
		{3DEC91C5-6CF8-4A04-AE0A-291FA6A497A6}.Debug|Any CPU.Build.0 = Debug|Any CPU
		{3DEC91C5-6CF8-4A04-AE0A-291FA6A497A6}.Release|Any CPU.ActiveCfg = Release|Any CPU
		{3DEC91C5-6CF8-4A04-AE0A-291FA6A497A6}.Release|Any CPU.Build.0 = Release|Any CPU
		{0BFD1ECB-73B3-4F1C-B503-1F9FB5A0BE28}.Debug|Any CPU.ActiveCfg = Debug|Any CPU
		{0BFD1ECB-73B3-4F1C-B503-1F9FB5A0BE28}.Debug|Any CPU.Build.0 = Debug|Any CPU
		{0BFD1ECB-73B3-4F1C-B503-1F9FB5A0BE28}.Release|Any CPU.ActiveCfg = Release|Any CPU
		{0BFD1ECB-73B3-4F1C-B503-1F9FB5A0BE28}.Release|Any CPU.Build.0 = Release|Any CPU
		{80A2B75F-7408-420A-B3C8-B90C93D9C064}.Debug|Any CPU.ActiveCfg = Debug|Any CPU
		{80A2B75F-7408-420A-B3C8-B90C93D9C064}.Debug|Any CPU.Build.0 = Debug|Any CPU
		{80A2B75F-7408-420A-B3C8-B90C93D9C064}.Release|Any CPU.ActiveCfg = Release|Any CPU
		{80A2B75F-7408-420A-B3C8-B90C93D9C064}.Release|Any CPU.Build.0 = Release|Any CPU
	EndGlobalSection
	GlobalSection(SolutionProperties) = preSolution
		HideSolutionNode = FALSE
	EndGlobalSection
	GlobalSection(ExtensibilityGlobals) = postSolution
		SolutionGuid = {F1C74143-26A9-4415-AF3A-AEBC6763CDA4}
	EndGlobalSection
EndGlobal
